
Microsoft Visual Studio Solution File, Format Version 12.00
# Visual Studio Version 17
VisualStudioVersion = 17.0.31903.59
MinimumVisualStudioVersion = 10.0.40219.1
Project("{FAE04EC0-301F-11D3-BF4B-00C04F79EFBC}") = "WebApplication1", "..\demo\WebApplication1\WebApplication1.csproj", "{D7A46448-76CA-4469-BDC2-48D7A3FC9CB5}"
EndProject
Project("{FAE04EC0-301F-11D3-BF4B-00C04F79EFBC}") = "Daibitx.AspNetCore.DynamicApi", "Daibitx.AspNetCore.DynamicApi\Daibitx.AspNetCore.DynamicApi.csproj", "{2382F68E-E8DC-86DA-3FD0-56D5FFFE2C98}"
EndProject
Project("{FAE04EC0-301F-11D3-BF4B-00C04F79EFBC}") = "Daibitx.AspNetCore.DynamicApi.Abstraction", "Daibitx.AspNetCore.DynamicApi.Abstraction\Daibitx.AspNetCore.DynamicApi.Abstraction.csproj", "{928B3905-82D2-DDFB-2DBF-C2DBC3FC1358}"
EndProject
Project("{FAE04EC0-301F-11D3-BF4B-00C04F79EFBC}") = "Daibitx.AspNetCore.DynamicApi.Runtime", "Daibitx.AspNetCore.DynamicApi.Runtime\Daibitx.AspNetCore.DynamicApi.Runtime.csproj", "{4E0E5BA2-166D-CC8E-B490-481AD4DDF9C3}"
EndProject
Project("{FAE04EC0-301F-11D3-BF4B-00C04F79EFBC}") = "Daibitx.AspNetCore.DynamicApi.Tests", "..\test\Daibitx.AspNetCore.DynamicApi.Tests\Daibitx.AspNetCore.DynamicApi.Tests.csproj", "{F5CCB5FF-4097-B248-9A3F-C4BB7E0D8CAC}"
EndProject
Global
	GlobalSection(SolutionConfigurationPlatforms) = preSolution
		Debug|Any CPU = Debug|Any CPU
		Release|Any CPU = Release|Any CPU
	EndGlobalSection
	GlobalSection(ProjectConfigurationPlatforms) = postSolution
		{D7A46448-76CA-4469-BDC2-48D7A3FC9CB5}.Debug|Any CPU.ActiveCfg = Debug|Any CPU
		{D7A46448-76CA-4469-BDC2-48D7A3FC9CB5}.Debug|Any CPU.Build.0 = Debug|Any CPU
		{D7A46448-76CA-4469-BDC2-48D7A3FC9CB5}.Release|Any CPU.ActiveCfg = Release|Any CPU
		{D7A46448-76CA-4469-BDC2-48D7A3FC9CB5}.Release|Any CPU.Build.0 = Release|Any CPU
		{2382F68E-E8DC-86DA-3FD0-56D5FFFE2C98}.Debug|Any CPU.ActiveCfg = Debug|Any CPU
		{2382F68E-E8DC-86DA-3FD0-56D5FFFE2C98}.Debug|Any CPU.Build.0 = Debug|Any CPU
		{2382F68E-E8DC-86DA-3FD0-56D5FFFE2C98}.Release|Any CPU.ActiveCfg = Release|Any CPU
		{2382F68E-E8DC-86DA-3FD0-56D5FFFE2C98}.Release|Any CPU.Build.0 = Release|Any CPU
		{928B3905-82D2-DDFB-2DBF-C2DBC3FC1358}.Debug|Any CPU.ActiveCfg = Debug|Any CPU
		{928B3905-82D2-DDFB-2DBF-C2DBC3FC1358}.Debug|Any CPU.Build.0 = Debug|Any CPU
		{928B3905-82D2-DDFB-2DBF-C2DBC3FC1358}.Release|Any CPU.ActiveCfg = Release|Any CPU
		{928B3905-82D2-DDFB-2DBF-C2DBC3FC1358}.Release|Any CPU.Build.0 = Release|Any CPU
		{4E0E5BA2-166D-CC8E-B490-481AD4DDF9C3}.Debug|Any CPU.ActiveCfg = Debug|Any CPU
		{4E0E5BA2-166D-CC8E-B490-481AD4DDF9C3}.Debug|Any CPU.Build.0 = Debug|Any CPU
		{4E0E5BA2-166D-CC8E-B490-481AD4DDF9C3}.Release|Any CPU.ActiveCfg = Release|Any CPU
		{4E0E5BA2-166D-CC8E-B490-481AD4DDF9C3}.Release|Any CPU.Build.0 = Release|Any CPU
		{F5CCB5FF-4097-B248-9A3F-C4BB7E0D8CAC}.Debug|Any CPU.ActiveCfg = Debug|Any CPU
		{F5CCB5FF-4097-B248-9A3F-C4BB7E0D8CAC}.Debug|Any CPU.Build.0 = Debug|Any CPU
		{F5CCB5FF-4097-B248-9A3F-C4BB7E0D8CAC}.Release|Any CPU.ActiveCfg = Release|Any CPU
		{F5CCB5FF-4097-B248-9A3F-C4BB7E0D8CAC}.Release|Any CPU.Build.0 = Release|Any CPU
	EndGlobalSection
	GlobalSection(SolutionProperties) = preSolution
		HideSolutionNode = FALSE
	EndGlobalSection
	GlobalSection(ExtensibilityGlobals) = postSolution
		SolutionGuid = {31EABAD8-F37B-43F9-A076-6FF521C3E00B}
	EndGlobalSection
EndGlobal
